// !$*UTF8*$!
{
	archiveVersion = 1;
	classes = {
	};
	objectVersion = 50;
	objects = {

/* Begin PBXBuildFile section */
		B837EDCE228DCFAD00C34035 /* AppDelegate.swift in Sources */ = {isa = PBXBuildFile; fileRef = B837EDCD228DCFAD00C34035 /* AppDelegate.swift */; };
		B837EDD0228DCFAD00C34035 /* ViewController.swift in Sources */ = {isa = PBXBuildFile; fileRef = B837EDCF228DCFAD00C34035 /* ViewController.swift */; };
		B837EDD3228DCFAD00C34035 /* Main.storyboard in Resources */ = {isa = PBXBuildFile; fileRef = B837EDD1228DCFAD00C34035 /* Main.storyboard */; };
		B837EDD5228DCFAF00C34035 /* Assets.xcassets in Resources */ = {isa = PBXBuildFile; fileRef = B837EDD4228DCFAF00C34035 /* Assets.xcassets */; };
		B837EDD8228DCFAF00C34035 /* LaunchScreen.storyboard in Resources */ = {isa = PBXBuildFile; fileRef = B837EDD6228DCFAF00C34035 /* LaunchScreen.storyboard */; };
		B837EDE3228DCFAF00C34035 /* ios_Task_1Tests.swift in Sources */ = {isa = PBXBuildFile; fileRef = B837EDE2228DCFAF00C34035 /* ios_Task_1Tests.swift */; };
		B837EDEE228DCFAF00C34035 /* ios_Task_1UITests.swift in Sources */ = {isa = PBXBuildFile; fileRef = B837EDED228DCFAF00C34035 /* ios_Task_1UITests.swift */; };
/* End PBXBuildFile section */

/* Begin PBXContainerItemProxy section */
		B837EDDF228DCFAF00C34035 /* PBXContainerItemProxy */ = {
			isa = PBXContainerItemProxy;
			containerPortal = B837EDC2228DCFAD00C34035 /* Project object */;
			proxyType = 1;
			remoteGlobalIDString = B837EDC9228DCFAD00C34035;
			remoteInfo = "ios-Task-1";
		};
		B837EDEA228DCFAF00C34035 /* PBXContainerItemProxy */ = {
			isa = PBXContainerItemProxy;
			containerPortal = B837EDC2228DCFAD00C34035 /* Project object */;
			proxyType = 1;
			remoteGlobalIDString = B837EDC9228DCFAD00C34035;
			remoteInfo = "ios-Task-1";
		};
/* End PBXContainerItemProxy section */

/* Begin PBXFileReference section */
		B818B27C228E0EA300F3FC8A /* README.md */ = {isa = PBXFileReference; lastKnownFileType = net.daringfireball.markdown; path = README.md; sourceTree = "<group>"; };
		B837EDCA228DCFAD00C34035 /* ios-Task-1.app */ = {isa = PBXFileReference; explicitFileType = wrapper.application; includeInIndex = 0; path = "ios-Task-1.app"; sourceTree = BUILT_PRODUCTS_DIR; };
		B837EDCD228DCFAD00C34035 /* AppDelegate.swift */ = {isa = PBXFileReference; lastKnownFileType = sourcecode.swift; path = AppDelegate.swift; sourceTree = "<group>"; };
		B837EDCF228DCFAD00C34035 /* ViewController.swift */ = {isa = PBXFileReference; lastKnownFileType = sourcecode.swift; path = ViewController.swift; sourceTree = "<group>"; };
		B837EDD2228DCFAD00C34035 /* Base */ = {isa = PBXFileReference; lastKnownFileType = file.storyboard; name = Base; path = Base.lproj/Main.storyboard; sourceTree = "<group>"; };
		B837EDD4228DCFAF00C34035 /* Assets.xcassets */ = {isa = PBXFileReference; lastKnownFileType = folder.assetcatalog; path = Assets.xcassets; sourceTree = "<group>"; };
		B837EDD7228DCFAF00C34035 /* Base */ = {isa = PBXFileReference; lastKnownFileType = file.storyboard; name = Base; path = Base.lproj/LaunchScreen.storyboard; sourceTree = "<group>"; };
		B837EDD9228DCFAF00C34035 /* Info.plist */ = {isa = PBXFileReference; lastKnownFileType = text.plist.xml; path = Info.plist; sourceTree = "<group>"; };
		B837EDDE228DCFAF00C34035 /* ios-Task-1Tests.xctest */ = {isa = PBXFileReference; explicitFileType = wrapper.cfbundle; includeInIndex = 0; path = "ios-Task-1Tests.xctest"; sourceTree = BUILT_PRODUCTS_DIR; };
		B837EDE2228DCFAF00C34035 /* ios_Task_1Tests.swift */ = {isa = PBXFileReference; lastKnownFileType = sourcecode.swift; path = ios_Task_1Tests.swift; sourceTree = "<group>"; };
		B837EDE4228DCFAF00C34035 /* Info.plist */ = {isa = PBXFileReference; lastKnownFileType = text.plist.xml; path = Info.plist; sourceTree = "<group>"; };
		B837EDE9228DCFAF00C34035 /* ios-Task-1UITests.xctest */ = {isa = PBXFileReference; explicitFileType = wrapper.cfbundle; includeInIndex = 0; path = "ios-Task-1UITests.xctest"; sourceTree = BUILT_PRODUCTS_DIR; };
		B837EDED228DCFAF00C34035 /* ios_Task_1UITests.swift */ = {isa = PBXFileReference; lastKnownFileType = sourcecode.swift; path = ios_Task_1UITests.swift; sourceTree = "<group>"; };
		B837EDEF228DCFAF00C34035 /* Info.plist */ = {isa = PBXFileReference; lastKnownFileType = text.plist.xml; path = Info.plist; sourceTree = "<group>"; };
/* End PBXFileReference section */

/* Begin PBXFrameworksBuildPhase section */
		B837EDC7228DCFAD00C34035 /* Frameworks */ = {
			isa = PBXFrameworksBuildPhase;
			buildActionMask = 2147483647;
			files = (
			);
			runOnlyForDeploymentPostprocessing = 0;
		};
		B837EDDB228DCFAF00C34035 /* Frameworks */ = {
			isa = PBXFrameworksBuildPhase;
			buildActionMask = 2147483647;
			files = (
			);
			runOnlyForDeploymentPostprocessing = 0;
		};
		B837EDE6228DCFAF00C34035 /* Frameworks */ = {
			isa = PBXFrameworksBuildPhase;
			buildActionMask = 2147483647;
			files = (
			);
			runOnlyForDeploymentPostprocessing = 0;
		};
/* End PBXFrameworksBuildPhase section */

/* Begin PBXGroup section */
		B837EDC1228DCFAD00C34035 = {
			isa = PBXGroup;
			children = (
				B818B27C228E0EA300F3FC8A /* README.md */,
				B837EDCC228DCFAD00C34035 /* ios-Task-1 */,
				B837EDE1228DCFAF00C34035 /* ios-Task-1Tests */,
				B837EDEC228DCFAF00C34035 /* ios-Task-1UITests */,
				B837EDCB228DCFAD00C34035 /* Products */,
			);
			sourceTree = "<group>";
		};
		B837EDCB228DCFAD00C34035 /* Products */ = {
			isa = PBXGroup;
			children = (
				B837EDCA228DCFAD00C34035 /* ios-Task-1.app */,
				B837EDDE228DCFAF00C34035 /* ios-Task-1Tests.xctest */,
				B837EDE9228DCFAF00C34035 /* ios-Task-1UITests.xctest */,
			);
			name = Products;
			sourceTree = "<group>";
		};
		B837EDCC228DCFAD00C34035 /* ios-Task-1 */ = {
			isa = PBXGroup;
			children = (
				B837EDCD228DCFAD00C34035 /* AppDelegate.swift */,
				B837EDCF228DCFAD00C34035 /* ViewController.swift */,
				B837EDD1228DCFAD00C34035 /* Main.storyboard */,
				B837EDD4228DCFAF00C34035 /* Assets.xcassets */,
				B837EDD6228DCFAF00C34035 /* LaunchScreen.storyboard */,
				B837EDD9228DCFAF00C34035 /* Info.plist */,
			);
			path = "ios-Task-1";
			sourceTree = "<group>";
		};
		B837EDE1228DCFAF00C34035 /* ios-Task-1Tests */ = {
			isa = PBXGroup;
			children = (
				B837EDE2228DCFAF00C34035 /* ios_Task_1Tests.swift */,
				B837EDE4228DCFAF00C34035 /* Info.plist */,
			);
			path = "ios-Task-1Tests";
			sourceTree = "<group>";
		};
		B837EDEC228DCFAF00C34035 /* ios-Task-1UITests */ = {
			isa = PBXGroup;
			children = (
				B837EDED228DCFAF00C34035 /* ios_Task_1UITests.swift */,
				B837EDEF228DCFAF00C34035 /* Info.plist */,
			);
			path = "ios-Task-1UITests";
			sourceTree = "<group>";
		};
/* End PBXGroup section */

/* Begin PBXNativeTarget section */
		B837EDC9228DCFAD00C34035 /* ios-Task-1 */ = {
			isa = PBXNativeTarget;
			buildConfigurationList = B837EDF2228DCFAF00C34035 /* Build configuration list for PBXNativeTarget "ios-Task-1" */;
			buildPhases = (
				B837EDC6228DCFAD00C34035 /* Sources */,
				B837EDC7228DCFAD00C34035 /* Frameworks */,
				B837EDC8228DCFAD00C34035 /* Resources */,
			);
			buildRules = (
			);
			dependencies = (
			);
			name = "ios-Task-1";
			productName = "ios-Task-1";
			productReference = B837EDCA228DCFAD00C34035 /* ios-Task-1.app */;
			productType = "com.apple.product-type.application";
		};
		B837EDDD228DCFAF00C34035 /* ios-Task-1Tests */ = {
			isa = PBXNativeTarget;
			buildConfigurationList = B837EDF5228DCFAF00C34035 /* Build configuration list for PBXNativeTarget "ios-Task-1Tests" */;
			buildPhases = (
				B837EDDA228DCFAF00C34035 /* Sources */,
				B837EDDB228DCFAF00C34035 /* Frameworks */,
				B837EDDC228DCFAF00C34035 /* Resources */,
			);
			buildRules = (
			);
			dependencies = (
				B837EDE0228DCFAF00C34035 /* PBXTargetDependency */,
			);
			name = "ios-Task-1Tests";
			productName = "ios-Task-1Tests";
			productReference = B837EDDE228DCFAF00C34035 /* ios-Task-1Tests.xctest */;
			productType = "com.apple.product-type.bundle.unit-test";
		};
		B837EDE8228DCFAF00C34035 /* ios-Task-1UITests */ = {
			isa = PBXNativeTarget;
			buildConfigurationList = B837EDF8228DCFAF00C34035 /* Build configuration list for PBXNativeTarget "ios-Task-1UITests" */;
			buildPhases = (
				B837EDE5228DCFAF00C34035 /* Sources */,
				B837EDE6228DCFAF00C34035 /* Frameworks */,
				B837EDE7228DCFAF00C34035 /* Resources */,
			);
			buildRules = (
			);
			dependencies = (
				B837EDEB228DCFAF00C34035 /* PBXTargetDependency */,
			);
			name = "ios-Task-1UITests";
			productName = "ios-Task-1UITests";
			productReference = B837EDE9228DCFAF00C34035 /* ios-Task-1UITests.xctest */;
			productType = "com.apple.product-type.bundle.ui-testing";
		};
/* End PBXNativeTarget section */

/* Begin PBXProject section */
		B837EDC2228DCFAD00C34035 /* Project object */ = {
			isa = PBXProject;
			attributes = {
				LastSwiftUpdateCheck = 1020;
				LastUpgradeCheck = 1020;
				ORGANIZATIONNAME = "Sarthak Dandotiya";
				TargetAttributes = {
					B837EDC9228DCFAD00C34035 = {
						CreatedOnToolsVersion = 10.2.1;
					};
					B837EDDD228DCFAF00C34035 = {
						CreatedOnToolsVersion = 10.2.1;
						TestTargetID = B837EDC9228DCFAD00C34035;
					};
					B837EDE8228DCFAF00C34035 = {
						CreatedOnToolsVersion = 10.2.1;
						TestTargetID = B837EDC9228DCFAD00C34035;
					};
				};
			};
			buildConfigurationList = B837EDC5228DCFAD00C34035 /* Build configuration list for PBXProject "ios-Task-1" */;
			compatibilityVersion = "Xcode 9.3";
			developmentRegion = en;
			hasScannedForEncodings = 0;
			knownRegions = (
				en,
				Base,
			);
			mainGroup = B837EDC1228DCFAD00C34035;
			productRefGroup = B837EDCB228DCFAD00C34035 /* Products */;
			projectDirPath = "";
			projectRoot = "";
			targets = (
				B837EDC9228DCFAD00C34035 /* ios-Task-1 */,
				B837EDDD228DCFAF00C34035 /* ios-Task-1Tests */,
				B837EDE8228DCFAF00C34035 /* ios-Task-1UITests */,
			);
		};
/* End PBXProject section */

/* Begin PBXResourcesBuildPhase section */
		B837EDC8228DCFAD00C34035 /* Resources */ = {
			isa = PBXResourcesBuildPhase;
			buildActionMask = 2147483647;
			files = (
				B837EDD8228DCFAF00C34035 /* LaunchScreen.storyboard in Resources */,
				B837EDD5228DCFAF00C34035 /* Assets.xcassets in Resources */,
				B837EDD3228DCFAD00C34035 /* Main.storyboard in Resources */,
			);
			runOnlyForDeploymentPostprocessing = 0;
		};
		B837EDDC228DCFAF00C34035 /* Resources */ = {
			isa = PBXResourcesBuildPhase;
			buildActionMask = 2147483647;
			files = (
			);
			runOnlyForDeploymentPostprocessing = 0;
		};
		B837EDE7228DCFAF00C34035 /* Resources */ = {
			isa = PBXResourcesBuildPhase;
			buildActionMask = 2147483647;
			files = (
			);
			runOnlyForDeploymentPostprocessing = 0;
		};
/* End PBXResourcesBuildPhase section */

/* Begin PBXSourcesBuildPhase section */
		B837EDC6228DCFAD00C34035 /* Sources */ = {
			isa = PBXSourcesBuildPhase;
			buildActionMask = 2147483647;
			files = (
				B837EDD0228DCFAD00C34035 /* ViewController.swift in Sources */,
				B837EDCE228DCFAD00C34035 /* AppDelegate.swift in Sources */,
			);
			runOnlyForDeploymentPostprocessing = 0;
		};
		B837EDDA228DCFAF00C34035 /* Sources */ = {
			isa = PBXSourcesBuildPhase;
			buildActionMask = 2147483647;
			files = (
				B837EDE3228DCFAF00C34035 /* ios_Task_1Tests.swift in Sources */,
			);
			runOnlyForDeploymentPostprocessing = 0;
		};
		B837EDE5228DCFAF00C34035 /* Sources */ = {
			isa = PBXSourcesBuildPhase;
			buildActionMask = 2147483647;
			files = (
				B837EDEE228DCFAF00C34035 /* ios_Task_1UITests.swift in Sources */,
			);
			runOnlyForDeploymentPostprocessing = 0;
		};
/* End PBXSourcesBuildPhase section */

/* Begin PBXTargetDependency section */
		B837EDE0228DCFAF00C34035 /* PBXTargetDependency */ = {
			isa = PBXTargetDependency;
			target = B837EDC9228DCFAD00C34035 /* ios-Task-1 */;
			targetProxy = B837EDDF228DCFAF00C34035 /* PBXContainerItemProxy */;
		};
		B837EDEB228DCFAF00C34035 /* PBXTargetDependency */ = {
			isa = PBXTargetDependency;
			target = B837EDC9228DCFAD00C34035 /* ios-Task-1 */;
			targetProxy = B837EDEA228DCFAF00C34035 /* PBXContainerItemProxy */;
		};
/* End PBXTargetDependency section */

/* Begin PBXVariantGroup section */
		B837EDD1228DCFAD00C34035 /* Main.storyboard */ = {
			isa = PBXVariantGroup;
			children = (
				B837EDD2228DCFAD00C34035 /* Base */,
			);
			name = Main.storyboard;
			sourceTree = "<group>";
		};
		B837EDD6228DCFAF00C34035 /* LaunchScreen.storyboard */ = {
			isa = PBXVariantGroup;
			children = (
				B837EDD7228DCFAF00C34035 /* Base */,
			);
			name = LaunchScreen.storyboard;
			sourceTree = "<group>";
		};
/* End PBXVariantGroup section */

/* Begin XCBuildConfiguration section */
		B837EDF0228DCFAF00C34035 /* Debug */ = {
			isa = XCBuildConfiguration;
			buildSettings = {
				ALWAYS_SEARCH_USER_PATHS = NO;
				CLANG_ANALYZER_NONNULL = YES;
				CLANG_ANALYZER_NUMBER_OBJECT_CONVERSION = YES_AGGRESSIVE;
				CLANG_CXX_LANGUAGE_STANDARD = "gnu++14";
				CLANG_CXX_LIBRARY = "libc++";
				CLANG_ENABLE_MODULES = YES;
				CLANG_ENABLE_OBJC_ARC = YES;
				CLANG_ENABLE_OBJC_WEAK = YES;
				CLANG_WARN_BLOCK_CAPTURE_AUTORELEASING = YES;
				CLANG_WARN_BOOL_CONVERSION = YES;
				CLANG_WARN_COMMA = YES;
				CLANG_WARN_CONSTANT_CONVERSION = YES;
				CLANG_WARN_DEPRECATED_OBJC_IMPLEMENTATIONS = YES;
				CLANG_WARN_DIRECT_OBJC_ISA_USAGE = YES_ERROR;
				CLANG_WARN_DOCUMENTATION_COMMENTS = YES;
				CLANG_WARN_EMPTY_BODY = YES;
				CLANG_WARN_ENUM_CONVERSION = YES;
				CLANG_WARN_INFINITE_RECURSION = YES;
				CLANG_WARN_INT_CONVERSION = YES;
				CLANG_WARN_NON_LITERAL_NULL_CONVERSION = YES;
				CLANG_WARN_OBJC_IMPLICIT_RETAIN_SELF = YES;
				CLANG_WARN_OBJC_LITERAL_CONVERSION = YES;
				CLANG_WARN_OBJC_ROOT_CLASS = YES_ERROR;
				CLANG_WARN_RANGE_LOOP_ANALYSIS = YES;
				CLANG_WARN_STRICT_PROTOTYPES = YES;
				CLANG_WARN_SUSPICIOUS_MOVE = YES;
				CLANG_WARN_UNGUARDED_AVAILABILITY = YES_AGGRESSIVE;
				CLANG_WARN_UNREACHABLE_CODE = YES;
				CLANG_WARN__DUPLICATE_METHOD_MATCH = YES;
				CODE_SIGN_IDENTITY = "iPhone Developer";
				COPY_PHASE_STRIP = NO;
				DEBUG_INFORMATION_FORMAT = dwarf;
				ENABLE_STRICT_OBJC_MSGSEND = YES;
				ENABLE_TESTABILITY = YES;
				GCC_C_LANGUAGE_STANDARD = gnu11;
				GCC_DYNAMIC_NO_PIC = NO;
				GCC_NO_COMMON_BLOCKS = YES;
				GCC_OPTIMIZATION_LEVEL = 0;
				GCC_PREPROCESSOR_DEFINITIONS = (
					"DEBUG=1",
					"$(inherited)",
				);
				GCC_WARN_64_TO_32_BIT_CONVERSION = YES;
				GCC_WARN_ABOUT_RETURN_TYPE = YES_ERROR;
				GCC_WARN_UNDECLARED_SELECTOR = YES;
				GCC_WARN_UNINITIALIZED_AUTOS = YES_AGGRESSIVE;
				GCC_WARN_UNUSED_FUNCTION = YES;
				GCC_WARN_UNUSED_VARIABLE = YES;
				IPHONEOS_DEPLOYMENT_TARGET = 12.2;
				MTL_ENABLE_DEBUG_INFO = INCLUDE_SOURCE;
				MTL_FAST_MATH = YES;
				ONLY_ACTIVE_ARCH = YES;
				SDKROOT = iphoneos;
				SWIFT_ACTIVE_COMPILATION_CONDITIONS = DEBUG;
				SWIFT_OPTIMIZATION_LEVEL = "-Onone";
			};
			name = Debug;
		};
		B837EDF1228DCFAF00C34035 /* Release */ = {
			isa = XCBuildConfiguration;
			buildSettings = {
				ALWAYS_SEARCH_USER_PATHS = NO;
				CLANG_ANALYZER_NONNULL = YES;
				CLANG_ANALYZER_NUMBER_OBJECT_CONVERSION = YES_AGGRESSIVE;
				CLANG_CXX_LANGUAGE_STANDARD = "gnu++14";
				CLANG_CXX_LIBRARY = "libc++";
				CLANG_ENABLE_MODULES = YES;
				CLANG_ENABLE_OBJC_ARC = YES;
				CLANG_ENABLE_OBJC_WEAK = YES;
				CLANG_WARN_BLOCK_CAPTURE_AUTORELEASING = YES;
				CLANG_WARN_BOOL_CONVERSION = YES;
				CLANG_WARN_COMMA = YES;
				CLANG_WARN_CONSTANT_CONVERSION = YES;
				CLANG_WARN_DEPRECATED_OBJC_IMPLEMENTATIONS = YES;
				CLANG_WARN_DIRECT_OBJC_ISA_USAGE = YES_ERROR;
				CLANG_WARN_DOCUMENTATION_COMMENTS = YES;
				CLANG_WARN_EMPTY_BODY = YES;
				CLANG_WARN_ENUM_CONVERSION = YES;
				CLANG_WARN_INFINITE_RECURSION = YES;
				CLANG_WARN_INT_CONVERSION = YES;
				CLANG_WARN_NON_LITERAL_NULL_CONVERSION = YES;
				CLANG_WARN_OBJC_IMPLICIT_RETAIN_SELF = YES;
				CLANG_WARN_OBJC_LITERAL_CONVERSION = YES;
				CLANG_WARN_OBJC_ROOT_CLASS = YES_ERROR;
				CLANG_WARN_RANGE_LOOP_ANALYSIS = YES;
				CLANG_WARN_STRICT_PROTOTYPES = YES;
				CLANG_WARN_SUSPICIOUS_MOVE = YES;
				CLANG_WARN_UNGUARDED_AVAILABILITY = YES_AGGRESSIVE;
				CLANG_WARN_UNREACHABLE_CODE = YES;
				CLANG_WARN__DUPLICATE_METHOD_MATCH = YES;
				CODE_SIGN_IDENTITY = "iPhone Developer";
				COPY_PHASE_STRIP = NO;
				DEBUG_INFORMATION_FORMAT = "dwarf-with-dsym";
				ENABLE_NS_ASSERTIONS = NO;
				ENABLE_STRICT_OBJC_MSGSEND = YES;
				GCC_C_LANGUAGE_STANDARD = gnu11;
				GCC_NO_COMMON_BLOCKS = YES;
				GCC_WARN_64_TO_32_BIT_CONVERSION = YES;
				GCC_WARN_ABOUT_RETURN_TYPE = YES_ERROR;
				GCC_WARN_UNDECLARED_SELECTOR = YES;
				GCC_WARN_UNINITIALIZED_AUTOS = YES_AGGRESSIVE;
				GCC_WARN_UNUSED_FUNCTION = YES;
				GCC_WARN_UNUSED_VARIABLE = YES;
				IPHONEOS_DEPLOYMENT_TARGET = 12.2;
				MTL_ENABLE_DEBUG_INFO = NO;
				MTL_FAST_MATH = YES;
				SDKROOT = iphoneos;
				SWIFT_COMPILATION_MODE = wholemodule;
				SWIFT_OPTIMIZATION_LEVEL = "-O";
				VALIDATE_PRODUCT = YES;
			};
			name = Release;
		};
		B837EDF3228DCFAF00C34035 /* Debug */ = {
			isa = XCBuildConfiguration;
			buildSettings = {
				ASSETCATALOG_COMPILER_APPICON_NAME = AppIcon;
				CODE_SIGN_STYLE = Automatic;
				INFOPLIST_FILE = "ios-Task-1/Info.plist";
				LD_RUNPATH_SEARCH_PATHS = (
					"$(inherited)",
					"@executable_path/Frameworks",
				);
				PRODUCT_BUNDLE_IDENTIFIER = "me.ios-Task-1";
				PRODUCT_NAME = "$(TARGET_NAME)";
				SWIFT_VERSION = 5.0;
				TARGETED_DEVICE_FAMILY = "1,2";
			};
			name = Debug;
		};
		B837EDF4228DCFAF00C34035 /* Release */ = {
			isa = XCBuildConfiguration;
			buildSettings = {
				ASSETCATALOG_COMPILER_APPICON_NAME = AppIcon;
				CODE_SIGN_STYLE = Automatic;
				INFOPLIST_FILE = "ios-Task-1/Info.plist";
				LD_RUNPATH_SEARCH_PATHS = (
					"$(inherited)",
					"@executable_path/Frameworks",
				);
				PRODUCT_BUNDLE_IDENTIFIER = "me.ios-Task-1";
				PRODUCT_NAME = "$(TARGET_NAME)";
				SWIFT_VERSION = 5.0;
				TARGETED_DEVICE_FAMILY = "1,2";
			};
			name = Release;
		};
		B837EDF6228DCFAF00C34035 /* Debug */ = {
			isa = XCBuildConfiguration;
			buildSettings = {
				ALWAYS_EMBED_SWIFT_STANDARD_LIBRARIES = YES;
				BUNDLE_LOADER = "$(TEST_HOST)";
				CODE_SIGN_STYLE = Automatic;
				INFOPLIST_FILE = "ios-Task-1Tests/Info.plist";
				LD_RUNPATH_SEARCH_PATHS = (
					"$(inherited)",
					"@executable_path/Frameworks",
					"@loader_path/Frameworks",
				);
				PRODUCT_BUNDLE_IDENTIFIER = "me.ios-Task-1Tests";
				PRODUCT_NAME = "$(TARGET_NAME)";
				SWIFT_VERSION = 5.0;
				TARGETED_DEVICE_FAMILY = "1,2";
				TEST_HOST = "$(BUILT_PRODUCTS_DIR)/ios-Task-1.app/ios-Task-1";
			};
			name = Debug;
		};
		B837EDF7228DCFAF00C34035 /* Release */ = {
			isa = XCBuildConfiguration;
			buildSettings = {
				ALWAYS_EMBED_SWIFT_STANDARD_LIBRARIES = YES;
				BUNDLE_LOADER = "$(TEST_HOST)";
				CODE_SIGN_STYLE = Automatic;
				INFOPLIST_FILE = "ios-Task-1Tests/Info.plist";
				LD_RUNPATH_SEARCH_PATHS = (
					"$(inherited)",
					"@executable_path/Frameworks",
					"@loader_path/Frameworks",
				);
				PRODUCT_BUNDLE_IDENTIFIER = "me.ios-Task-1Tests";
				PRODUCT_NAME = "$(TARGET_NAME)";
				SWIFT_VERSION = 5.0;
				TARGETED_DEVICE_FAMILY = "1,2";
				TEST_HOST = "$(BUILT_PRODUCTS_DIR)/ios-Task-1.app/ios-Task-1";
			};
			name = Release;
		};
		B837EDF9228DCFAF00C34035 /* Debug */ = {
			isa = XCBuildConfiguration;
			buildSettings = {
				ALWAYS_EMBED_SWIFT_STANDARD_LIBRARIES = YES;
				CODE_SIGN_STYLE = Automatic;
				INFOPLIST_FILE = "ios-Task-1UITests/Info.plist";
				LD_RUNPATH_SEARCH_PATHS = (
					"$(inherited)",
					"@executable_path/Frameworks",
					"@loader_path/Frameworks",
				);
				PRODUCT_BUNDLE_IDENTIFIER = "me.ios-Task-1UITests";
				PRODUCT_NAME = "$(TARGET_NAME)";
				SWIFT_VERSION = 5.0;
				TARGETED_DEVICE_FAMILY = "1,2";
				TEST_TARGET_NAME = "ios-Task-1";
			};
			name = Debug;
		};
		B837EDFA228DCFAF00C34035 /* Release */ = {
			isa = XCBuildConfiguration;
			buildSettings = {
				ALWAYS_EMBED_SWIFT_STANDARD_LIBRARIES = YES;
				CODE_SIGN_STYLE = Automatic;
				INFOPLIST_FILE = "ios-Task-1UITests/Info.plist";
				LD_RUNPATH_SEARCH_PATHS = (
					"$(inherited)",
					"@executable_path/Frameworks",
					"@loader_path/Frameworks",
				);
				PRODUCT_BUNDLE_IDENTIFIER = "me.ios-Task-1UITests";
				PRODUCT_NAME = "$(TARGET_NAME)";
				SWIFT_VERSION = 5.0;
				TARGETED_DEVICE_FAMILY = "1,2";
				TEST_TARGET_NAME = "ios-Task-1";
			};
			name = Release;
		};
/* End XCBuildConfiguration section */

/* Begin XCConfigurationList section */
		B837EDC5228DCFAD00C34035 /* Build configuration list for PBXProject "ios-Task-1" */ = {
			isa = XCConfigurationList;
			buildConfigurations = (
				B837EDF0228DCFAF00C34035 /* Debug */,
				B837EDF1228DCFAF00C34035 /* Release */,
			);
			defaultConfigurationIsVisible = 0;
			defaultConfigurationName = Release;
		};
		B837EDF2228DCFAF00C34035 /* Build configuration list for PBXNativeTarget "ios-Task-1" */ = {
			isa = XCConfigurationList;
			buildConfigurations = (
				B837EDF3228DCFAF00C34035 /* Debug */,
				B837EDF4228DCFAF00C34035 /* Release */,
			);
			defaultConfigurationIsVisible = 0;
			defaultConfigurationName = Release;
		};
		B837EDF5228DCFAF00C34035 /* Build configuration list for PBXNativeTarget "ios-Task-1Tests" */ = {
			isa = XCConfigurationList;
			buildConfigurations = (
				B837EDF6228DCFAF00C34035 /* Debug */,
				B837EDF7228DCFAF00C34035 /* Release */,
			);
			defaultConfigurationIsVisible = 0;
			defaultConfigurationName = Release;
		};
		B837EDF8228DCFAF00C34035 /* Build configuration list for PBXNativeTarget "ios-Task-1UITests" */ = {
			isa = XCConfigurationList;
			buildConfigurations = (
				B837EDF9228DCFAF00C34035 /* Debug */,
				B837EDFA228DCFAF00C34035 /* Release */,
			);
			defaultConfigurationIsVisible = 0;
			defaultConfigurationName = Release;
		};
/* End XCConfigurationList section */
	};
	rootObject = B837EDC2228DCFAD00C34035 /* Project object */;
}
